
Microsoft Visual Studio Solution File, Format Version 12.00
# Visual Studio 14
VisualStudioVersion = 14.0.24720.0
MinimumVisualStudioVersion = 10.0.40219.1
Project("{FAE04EC0-301F-11D3-BF4B-00C04F79EFBC}") = "Merial.PetPixie.iOS", "Merial.PetPixie\Merial.PetPixie.iOS\Merial.PetPixie.iOS.csproj", "{88A375C3-8567-47B7-A040-CF48B7049986}"
EndProject
Project("{2150E333-8FDC-42A3-9474-1A3956D46DE8}") = "Src", "Src", "{0BC2D6F3-C782-41F4-A2F3-DBDF5D5EDD01}"
EndProject
Project("{FAE04EC0-301F-11D3-BF4B-00C04F79EFBC}") = "Merial.PetPixie.Core", "Merial.PetPixie\Merial.PetPixie.Core\Merial.PetPixie.Core.csproj", "{74043E51-EF7B-4CE1-AF3F-7612ED1D05B6}"
EndProject
Project("{FAE04EC0-301F-11D3-BF4B-00C04F79EFBC}") = "MvvmCross.Forms.Presenter.Core", "Merial.PetPixie\MvvmCross.Forms.Presenter.Core\MvvmCross.Forms.Presenter.Core.csproj", "{0797D39C-C59B-4FE2-BB16-AB6FA0119C69}"
EndProject
Project("{9344BDBB-3E7F-41FC-A0DD-8665D75EE146}") = "MvvmCross.Forms.Presenter.Core", "Merial.PetPixie\MasterDetail\MvvmCross.Forms.Presenter.Core\MvvmCross.Forms.Presenter.Core.csproj", "{079D6057-139F-4AA9-9995-918EDE52DAE8}"
EndProject
Project("{9344BDBB-3E7F-41FC-A0DD-8665D75EE146}") = "XamForms.MvxTemplate.Droid", "Merial.PetPixie\XamForms.MvxTemplate.Droid\XamForms.MvxTemplate.Droid.csproj", "{9FF79633-29A8-4D52-8A3E-AE47BBA1A5EA}"
EndProject
Project("{9344BDBB-3E7F-41FC-A0DD-8665D75EE146}") = "MvvmCross.Forms.Presenter.Droid", "Merial.PetPixie\MVVMCross\MvvmCross.Forms.Presenter.Droid\MvvmCross.Forms.Presenter.Droid.csproj", "{2B86AF5F-EE29-4CCB-85AA-972AC6F2CFA5}"
EndProject
Global
	GlobalSection(SolutionConfigurationPlatforms) = preSolution
		Ad-Hoc|Any CPU = Ad-Hoc|Any CPU
		Ad-Hoc|ARM = Ad-Hoc|ARM
		Ad-Hoc|iPhone = Ad-Hoc|iPhone
		Ad-Hoc|iPhoneSimulator = Ad-Hoc|iPhoneSimulator
		Ad-Hoc|x64 = Ad-Hoc|x64
		Ad-Hoc|x86 = Ad-Hoc|x86
		AppStore|Any CPU = AppStore|Any CPU
		AppStore|ARM = AppStore|ARM
		AppStore|iPhone = AppStore|iPhone
		AppStore|iPhoneSimulator = AppStore|iPhoneSimulator
		AppStore|x64 = AppStore|x64
		AppStore|x86 = AppStore|x86
		Debug|Any CPU = Debug|Any CPU
		Debug|ARM = Debug|ARM
		Debug|iPhone = Debug|iPhone
		Debug|iPhoneSimulator = Debug|iPhoneSimulator
		Debug|x64 = Debug|x64
		Debug|x86 = Debug|x86
		Release|Any CPU = Release|Any CPU
		Release|ARM = Release|ARM
		Release|iPhone = Release|iPhone
		Release|iPhoneSimulator = Release|iPhoneSimulator
		Release|x64 = Release|x64
		Release|x86 = Release|x86
		Windows Debug|Any CPU = Windows Debug|Any CPU
		Windows Release|Any CPU = Windows Release|Any CPU
	EndGlobalSection
	GlobalSection(ProjectConfigurationPlatforms) = postSolution
		{88A375C3-8567-47B7-A040-CF48B7049986}.Ad-Hoc|Any CPU.ActiveCfg = Ad-Hoc|iPhone
		{88A375C3-8567-47B7-A040-CF48B7049986}.Ad-Hoc|ARM.ActiveCfg = Ad-Hoc|iPhone
		{88A375C3-8567-47B7-A040-CF48B7049986}.Ad-Hoc|iPhone.ActiveCfg = Ad-Hoc|iPhone
		{88A375C3-8567-47B7-A040-CF48B7049986}.Ad-Hoc|iPhone.Build.0 = Ad-Hoc|iPhone
		{88A375C3-8567-47B7-A040-CF48B7049986}.Ad-Hoc|iPhoneSimulator.ActiveCfg = Debug|iPhoneSimulator
		{88A375C3-8567-47B7-A040-CF48B7049986}.Ad-Hoc|iPhoneSimulator.Build.0 = Debug|iPhoneSimulator
		{88A375C3-8567-47B7-A040-CF48B7049986}.Ad-Hoc|x64.ActiveCfg = Ad-Hoc|iPhone
		{88A375C3-8567-47B7-A040-CF48B7049986}.Ad-Hoc|x86.ActiveCfg = Ad-Hoc|iPhone
		{88A375C3-8567-47B7-A040-CF48B7049986}.AppStore|Any CPU.ActiveCfg = AppStore|iPhone
		{88A375C3-8567-47B7-A040-CF48B7049986}.AppStore|ARM.ActiveCfg = AppStore|iPhone
		{88A375C3-8567-47B7-A040-CF48B7049986}.AppStore|iPhone.ActiveCfg = AppStore|iPhone
		{88A375C3-8567-47B7-A040-CF48B7049986}.AppStore|iPhone.Build.0 = AppStore|iPhone
		{88A375C3-8567-47B7-A040-CF48B7049986}.AppStore|iPhoneSimulator.ActiveCfg = Debug|iPhoneSimulator
		{88A375C3-8567-47B7-A040-CF48B7049986}.AppStore|iPhoneSimulator.Build.0 = Debug|iPhoneSimulator
		{88A375C3-8567-47B7-A040-CF48B7049986}.AppStore|x64.ActiveCfg = AppStore|iPhone
		{88A375C3-8567-47B7-A040-CF48B7049986}.AppStore|x86.ActiveCfg = AppStore|iPhone
		{88A375C3-8567-47B7-A040-CF48B7049986}.Debug|Any CPU.ActiveCfg = Debug|iPhoneSimulator
		{88A375C3-8567-47B7-A040-CF48B7049986}.Debug|ARM.ActiveCfg = Debug|iPhoneSimulator
		{88A375C3-8567-47B7-A040-CF48B7049986}.Debug|iPhone.ActiveCfg = Debug|iPhone
		{88A375C3-8567-47B7-A040-CF48B7049986}.Debug|iPhone.Build.0 = Debug|iPhone
		{88A375C3-8567-47B7-A040-CF48B7049986}.Debug|iPhoneSimulator.ActiveCfg = Debug|iPhoneSimulator
		{88A375C3-8567-47B7-A040-CF48B7049986}.Debug|iPhoneSimulator.Build.0 = Debug|iPhoneSimulator
		{88A375C3-8567-47B7-A040-CF48B7049986}.Debug|x64.ActiveCfg = Debug|iPhoneSimulator
		{88A375C3-8567-47B7-A040-CF48B7049986}.Debug|x86.ActiveCfg = Debug|iPhoneSimulator
		{88A375C3-8567-47B7-A040-CF48B7049986}.Release|Any CPU.ActiveCfg = Release|iPhoneSimulator
		{88A375C3-8567-47B7-A040-CF48B7049986}.Release|ARM.ActiveCfg = Release|iPhoneSimulator
		{88A375C3-8567-47B7-A040-CF48B7049986}.Release|iPhone.ActiveCfg = Release|iPhone
		{88A375C3-8567-47B7-A040-CF48B7049986}.Release|iPhone.Build.0 = Release|iPhone
		{88A375C3-8567-47B7-A040-CF48B7049986}.Release|iPhoneSimulator.ActiveCfg = Release|iPhoneSimulator
		{88A375C3-8567-47B7-A040-CF48B7049986}.Release|iPhoneSimulator.Build.0 = Release|iPhoneSimulator
		{88A375C3-8567-47B7-A040-CF48B7049986}.Release|x64.ActiveCfg = Release|iPhoneSimulator
		{88A375C3-8567-47B7-A040-CF48B7049986}.Release|x86.ActiveCfg = Release|iPhoneSimulator
		{88A375C3-8567-47B7-A040-CF48B7049986}.Ad-Hoc|Any CPU.Build.0 = Ad-Hoc|iPhone
		{88A375C3-8567-47B7-A040-CF48B7049986}.Ad-Hoc|ARM.Build.0 = Ad-Hoc|iPhone
		{88A375C3-8567-47B7-A040-CF48B7049986}.Ad-Hoc|x64.Build.0 = Ad-Hoc|iPhone
		{88A375C3-8567-47B7-A040-CF48B7049986}.Ad-Hoc|x86.Build.0 = Ad-Hoc|iPhone
		{88A375C3-8567-47B7-A040-CF48B7049986}.AppStore|Any CPU.Build.0 = AppStore|iPhone
		{88A375C3-8567-47B7-A040-CF48B7049986}.AppStore|ARM.Build.0 = AppStore|iPhone
		{88A375C3-8567-47B7-A040-CF48B7049986}.AppStore|x64.Build.0 = AppStore|iPhone
		{88A375C3-8567-47B7-A040-CF48B7049986}.AppStore|x86.Build.0 = AppStore|iPhone
		{88A375C3-8567-47B7-A040-CF48B7049986}.Debug|Any CPU.Build.0 = Debug|iPhoneSimulator
		{88A375C3-8567-47B7-A040-CF48B7049986}.Debug|ARM.Build.0 = Debug|iPhoneSimulator
		{88A375C3-8567-47B7-A040-CF48B7049986}.Debug|x64.Build.0 = Debug|iPhoneSimulator
		{88A375C3-8567-47B7-A040-CF48B7049986}.Debug|x86.Build.0 = Debug|iPhoneSimulator
		{88A375C3-8567-47B7-A040-CF48B7049986}.Release|Any CPU.Build.0 = Release|iPhoneSimulator
		{88A375C3-8567-47B7-A040-CF48B7049986}.Release|ARM.Build.0 = Release|iPhoneSimulator
		{88A375C3-8567-47B7-A040-CF48B7049986}.Release|x64.Build.0 = Release|iPhoneSimulator
		{88A375C3-8567-47B7-A040-CF48B7049986}.Release|x86.Build.0 = Release|iPhoneSimulator
		{88A375C3-8567-47B7-A040-CF48B7049986}.Windows Debug|Any CPU.ActiveCfg = Debug|iPhoneSimulator
		{88A375C3-8567-47B7-A040-CF48B7049986}.Windows Debug|Any CPU.Build.0 = Debug|iPhoneSimulator
		{88A375C3-8567-47B7-A040-CF48B7049986}.Windows Release|Any CPU.ActiveCfg = Debug|iPhoneSimulator
		{88A375C3-8567-47B7-A040-CF48B7049986}.Windows Release|Any CPU.Build.0 = Debug|iPhoneSimulator
		{74043E51-EF7B-4CE1-AF3F-7612ED1D05B6}.Ad-Hoc|Any CPU.ActiveCfg = Debug|Any CPU
		{74043E51-EF7B-4CE1-AF3F-7612ED1D05B6}.Ad-Hoc|Any CPU.Build.0 = Debug|Any CPU
		{74043E51-EF7B-4CE1-AF3F-7612ED1D05B6}.Ad-Hoc|ARM.ActiveCfg = Debug|Any CPU
		{74043E51-EF7B-4CE1-AF3F-7612ED1D05B6}.Ad-Hoc|ARM.Build.0 = Debug|Any CPU
		{74043E51-EF7B-4CE1-AF3F-7612ED1D05B6}.Ad-Hoc|iPhone.ActiveCfg = Debug|Any CPU
		{74043E51-EF7B-4CE1-AF3F-7612ED1D05B6}.Ad-Hoc|iPhone.Build.0 = Debug|Any CPU
		{74043E51-EF7B-4CE1-AF3F-7612ED1D05B6}.Ad-Hoc|iPhoneSimulator.ActiveCfg = Debug|Any CPU
		{74043E51-EF7B-4CE1-AF3F-7612ED1D05B6}.Ad-Hoc|iPhoneSimulator.Build.0 = Debug|Any CPU
		{74043E51-EF7B-4CE1-AF3F-7612ED1D05B6}.Ad-Hoc|x64.ActiveCfg = Debug|Any CPU
		{74043E51-EF7B-4CE1-AF3F-7612ED1D05B6}.Ad-Hoc|x64.Build.0 = Debug|Any CPU
		{74043E51-EF7B-4CE1-AF3F-7612ED1D05B6}.Ad-Hoc|x86.ActiveCfg = Debug|Any CPU
		{74043E51-EF7B-4CE1-AF3F-7612ED1D05B6}.Ad-Hoc|x86.Build.0 = Debug|Any CPU
		{74043E51-EF7B-4CE1-AF3F-7612ED1D05B6}.AppStore|Any CPU.ActiveCfg = Debug|Any CPU
		{74043E51-EF7B-4CE1-AF3F-7612ED1D05B6}.AppStore|Any CPU.Build.0 = Debug|Any CPU
		{74043E51-EF7B-4CE1-AF3F-7612ED1D05B6}.AppStore|ARM.ActiveCfg = Debug|Any CPU
		{74043E51-EF7B-4CE1-AF3F-7612ED1D05B6}.AppStore|ARM.Build.0 = Debug|Any CPU
		{74043E51-EF7B-4CE1-AF3F-7612ED1D05B6}.AppStore|iPhone.ActiveCfg = Debug|Any CPU
		{74043E51-EF7B-4CE1-AF3F-7612ED1D05B6}.AppStore|iPhone.Build.0 = Debug|Any CPU
		{74043E51-EF7B-4CE1-AF3F-7612ED1D05B6}.AppStore|iPhoneSimulator.ActiveCfg = Debug|Any CPU
		{74043E51-EF7B-4CE1-AF3F-7612ED1D05B6}.AppStore|iPhoneSimulator.Build.0 = Debug|Any CPU
		{74043E51-EF7B-4CE1-AF3F-7612ED1D05B6}.AppStore|x64.ActiveCfg = Debug|Any CPU
		{74043E51-EF7B-4CE1-AF3F-7612ED1D05B6}.AppStore|x64.Build.0 = Debug|Any CPU
		{74043E51-EF7B-4CE1-AF3F-7612ED1D05B6}.AppStore|x86.ActiveCfg = Debug|Any CPU
		{74043E51-EF7B-4CE1-AF3F-7612ED1D05B6}.AppStore|x86.Build.0 = Debug|Any CPU
		{74043E51-EF7B-4CE1-AF3F-7612ED1D05B6}.Debug|Any CPU.ActiveCfg = Debug|Any CPU
		{74043E51-EF7B-4CE1-AF3F-7612ED1D05B6}.Debug|Any CPU.Build.0 = Debug|Any CPU
		{74043E51-EF7B-4CE1-AF3F-7612ED1D05B6}.Debug|ARM.ActiveCfg = Debug|Any CPU
		{74043E51-EF7B-4CE1-AF3F-7612ED1D05B6}.Debug|ARM.Build.0 = Debug|Any CPU
		{74043E51-EF7B-4CE1-AF3F-7612ED1D05B6}.Debug|iPhone.ActiveCfg = Debug|Any CPU
		{74043E51-EF7B-4CE1-AF3F-7612ED1D05B6}.Debug|iPhone.Build.0 = Debug|Any CPU
		{74043E51-EF7B-4CE1-AF3F-7612ED1D05B6}.Debug|iPhoneSimulator.ActiveCfg = Debug|Any CPU
		{74043E51-EF7B-4CE1-AF3F-7612ED1D05B6}.Debug|iPhoneSimulator.Build.0 = Debug|Any CPU
		{74043E51-EF7B-4CE1-AF3F-7612ED1D05B6}.Debug|x64.ActiveCfg = Debug|Any CPU
		{74043E51-EF7B-4CE1-AF3F-7612ED1D05B6}.Debug|x64.Build.0 = Debug|Any CPU
		{74043E51-EF7B-4CE1-AF3F-7612ED1D05B6}.Debug|x86.ActiveCfg = Debug|Any CPU
		{74043E51-EF7B-4CE1-AF3F-7612ED1D05B6}.Debug|x86.Build.0 = Debug|Any CPU
		{74043E51-EF7B-4CE1-AF3F-7612ED1D05B6}.Release|Any CPU.ActiveCfg = Release|Any CPU
		{74043E51-EF7B-4CE1-AF3F-7612ED1D05B6}.Release|Any CPU.Build.0 = Release|Any CPU
		{74043E51-EF7B-4CE1-AF3F-7612ED1D05B6}.Release|ARM.ActiveCfg = Release|Any CPU
		{74043E51-EF7B-4CE1-AF3F-7612ED1D05B6}.Release|ARM.Build.0 = Release|Any CPU
		{74043E51-EF7B-4CE1-AF3F-7612ED1D05B6}.Release|iPhone.ActiveCfg = Release|Any CPU
		{74043E51-EF7B-4CE1-AF3F-7612ED1D05B6}.Release|iPhone.Build.0 = Release|Any CPU
		{74043E51-EF7B-4CE1-AF3F-7612ED1D05B6}.Release|iPhoneSimulator.ActiveCfg = Release|Any CPU
		{74043E51-EF7B-4CE1-AF3F-7612ED1D05B6}.Release|iPhoneSimulator.Build.0 = Release|Any CPU
		{74043E51-EF7B-4CE1-AF3F-7612ED1D05B6}.Release|x64.ActiveCfg = Release|Any CPU
		{74043E51-EF7B-4CE1-AF3F-7612ED1D05B6}.Release|x64.Build.0 = Release|Any CPU
		{74043E51-EF7B-4CE1-AF3F-7612ED1D05B6}.Release|x86.ActiveCfg = Release|Any CPU
		{74043E51-EF7B-4CE1-AF3F-7612ED1D05B6}.Release|x86.Build.0 = Release|Any CPU
		{74043E51-EF7B-4CE1-AF3F-7612ED1D05B6}.Windows Debug|Any CPU.ActiveCfg = Debug|Any CPU
		{74043E51-EF7B-4CE1-AF3F-7612ED1D05B6}.Windows Debug|Any CPU.Build.0 = Debug|Any CPU
		{74043E51-EF7B-4CE1-AF3F-7612ED1D05B6}.Windows Release|Any CPU.ActiveCfg = Debug|Any CPU
		{74043E51-EF7B-4CE1-AF3F-7612ED1D05B6}.Windows Release|Any CPU.Build.0 = Debug|Any CPU
		{0797D39C-C59B-4FE2-BB16-AB6FA0119C69}.Ad-Hoc|Any CPU.ActiveCfg = Release|Any CPU
		{0797D39C-C59B-4FE2-BB16-AB6FA0119C69}.Ad-Hoc|Any CPU.Build.0 = Release|Any CPU
		{0797D39C-C59B-4FE2-BB16-AB6FA0119C69}.Ad-Hoc|ARM.ActiveCfg = Release|Any CPU
		{0797D39C-C59B-4FE2-BB16-AB6FA0119C69}.Ad-Hoc|ARM.Build.0 = Release|Any CPU
		{0797D39C-C59B-4FE2-BB16-AB6FA0119C69}.Ad-Hoc|iPhone.ActiveCfg = Release|Any CPU
		{0797D39C-C59B-4FE2-BB16-AB6FA0119C69}.Ad-Hoc|iPhone.Build.0 = Release|Any CPU
		{0797D39C-C59B-4FE2-BB16-AB6FA0119C69}.Ad-Hoc|iPhoneSimulator.ActiveCfg = Debug|Any CPU
		{0797D39C-C59B-4FE2-BB16-AB6FA0119C69}.Ad-Hoc|iPhoneSimulator.Build.0 = Debug|Any CPU
		{0797D39C-C59B-4FE2-BB16-AB6FA0119C69}.Ad-Hoc|x64.ActiveCfg = Release|Any CPU
		{0797D39C-C59B-4FE2-BB16-AB6FA0119C69}.Ad-Hoc|x64.Build.0 = Release|Any CPU
		{0797D39C-C59B-4FE2-BB16-AB6FA0119C69}.Ad-Hoc|x86.ActiveCfg = Release|Any CPU
		{0797D39C-C59B-4FE2-BB16-AB6FA0119C69}.Ad-Hoc|x86.Build.0 = Release|Any CPU
		{0797D39C-C59B-4FE2-BB16-AB6FA0119C69}.AppStore|Any CPU.ActiveCfg = Release|Any CPU
		{0797D39C-C59B-4FE2-BB16-AB6FA0119C69}.AppStore|Any CPU.Build.0 = Release|Any CPU
		{0797D39C-C59B-4FE2-BB16-AB6FA0119C69}.AppStore|ARM.ActiveCfg = Release|Any CPU
		{0797D39C-C59B-4FE2-BB16-AB6FA0119C69}.AppStore|ARM.Build.0 = Release|Any CPU
		{0797D39C-C59B-4FE2-BB16-AB6FA0119C69}.AppStore|iPhone.ActiveCfg = Release|Any CPU
		{0797D39C-C59B-4FE2-BB16-AB6FA0119C69}.AppStore|iPhone.Build.0 = Release|Any CPU
		{0797D39C-C59B-4FE2-BB16-AB6FA0119C69}.AppStore|iPhoneSimulator.ActiveCfg = Debug|Any CPU
		{0797D39C-C59B-4FE2-BB16-AB6FA0119C69}.AppStore|iPhoneSimulator.Build.0 = Debug|Any CPU
		{0797D39C-C59B-4FE2-BB16-AB6FA0119C69}.AppStore|x64.ActiveCfg = Release|Any CPU
		{0797D39C-C59B-4FE2-BB16-AB6FA0119C69}.AppStore|x64.Build.0 = Release|Any CPU
		{0797D39C-C59B-4FE2-BB16-AB6FA0119C69}.AppStore|x86.ActiveCfg = Release|Any CPU
		{0797D39C-C59B-4FE2-BB16-AB6FA0119C69}.AppStore|x86.Build.0 = Release|Any CPU
		{0797D39C-C59B-4FE2-BB16-AB6FA0119C69}.Debug|Any CPU.ActiveCfg = Debug|Any CPU
		{0797D39C-C59B-4FE2-BB16-AB6FA0119C69}.Debug|Any CPU.Build.0 = Debug|Any CPU
		{0797D39C-C59B-4FE2-BB16-AB6FA0119C69}.Debug|ARM.ActiveCfg = Debug|Any CPU
		{0797D39C-C59B-4FE2-BB16-AB6FA0119C69}.Debug|ARM.Build.0 = Debug|Any CPU
		{0797D39C-C59B-4FE2-BB16-AB6FA0119C69}.Debug|iPhone.ActiveCfg = Debug|Any CPU
		{0797D39C-C59B-4FE2-BB16-AB6FA0119C69}.Debug|iPhone.Build.0 = Debug|Any CPU
		{0797D39C-C59B-4FE2-BB16-AB6FA0119C69}.Debug|iPhoneSimulator.ActiveCfg = Debug|Any CPU
		{0797D39C-C59B-4FE2-BB16-AB6FA0119C69}.Debug|iPhoneSimulator.Build.0 = Debug|Any CPU
		{0797D39C-C59B-4FE2-BB16-AB6FA0119C69}.Debug|x64.ActiveCfg = Debug|Any CPU
		{0797D39C-C59B-4FE2-BB16-AB6FA0119C69}.Debug|x64.Build.0 = Debug|Any CPU
		{0797D39C-C59B-4FE2-BB16-AB6FA0119C69}.Debug|x86.ActiveCfg = Debug|Any CPU
		{0797D39C-C59B-4FE2-BB16-AB6FA0119C69}.Debug|x86.Build.0 = Debug|Any CPU
		{0797D39C-C59B-4FE2-BB16-AB6FA0119C69}.Release|Any CPU.ActiveCfg = Release|Any CPU
		{0797D39C-C59B-4FE2-BB16-AB6FA0119C69}.Release|Any CPU.Build.0 = Release|Any CPU
		{0797D39C-C59B-4FE2-BB16-AB6FA0119C69}.Release|ARM.ActiveCfg = Release|Any CPU
		{0797D39C-C59B-4FE2-BB16-AB6FA0119C69}.Release|ARM.Build.0 = Release|Any CPU
		{0797D39C-C59B-4FE2-BB16-AB6FA0119C69}.Release|iPhone.ActiveCfg = Release|Any CPU
		{0797D39C-C59B-4FE2-BB16-AB6FA0119C69}.Release|iPhone.Build.0 = Release|Any CPU
		{0797D39C-C59B-4FE2-BB16-AB6FA0119C69}.Release|iPhoneSimulator.ActiveCfg = Release|Any CPU
		{0797D39C-C59B-4FE2-BB16-AB6FA0119C69}.Release|iPhoneSimulator.Build.0 = Release|Any CPU
		{0797D39C-C59B-4FE2-BB16-AB6FA0119C69}.Release|x64.ActiveCfg = Release|Any CPU
		{0797D39C-C59B-4FE2-BB16-AB6FA0119C69}.Release|x64.Build.0 = Release|Any CPU
		{0797D39C-C59B-4FE2-BB16-AB6FA0119C69}.Release|x86.ActiveCfg = Release|Any CPU
		{0797D39C-C59B-4FE2-BB16-AB6FA0119C69}.Release|x86.Build.0 = Release|Any CPU
		{0797D39C-C59B-4FE2-BB16-AB6FA0119C69}.Windows Debug|Any CPU.ActiveCfg = Debug|Any CPU
		{0797D39C-C59B-4FE2-BB16-AB6FA0119C69}.Windows Debug|Any CPU.Build.0 = Debug|Any CPU
		{0797D39C-C59B-4FE2-BB16-AB6FA0119C69}.Windows Release|Any CPU.ActiveCfg = Debug|Any CPU
		{0797D39C-C59B-4FE2-BB16-AB6FA0119C69}.Windows Release|Any CPU.Build.0 = Debug|Any CPU
		{079D6057-139F-4AA9-9995-918EDE52DAE8}.Ad-Hoc|Any CPU.ActiveCfg = Release|Any CPU
		{079D6057-139F-4AA9-9995-918EDE52DAE8}.Ad-Hoc|Any CPU.Build.0 = Release|Any CPU
		{079D6057-139F-4AA9-9995-918EDE52DAE8}.Ad-Hoc|ARM.ActiveCfg = Release|Any CPU
		{079D6057-139F-4AA9-9995-918EDE52DAE8}.Ad-Hoc|ARM.Build.0 = Release|Any CPU
		{079D6057-139F-4AA9-9995-918EDE52DAE8}.Ad-Hoc|iPhone.ActiveCfg = Release|Any CPU
		{079D6057-139F-4AA9-9995-918EDE52DAE8}.Ad-Hoc|iPhone.Build.0 = Release|Any CPU
		{079D6057-139F-4AA9-9995-918EDE52DAE8}.Ad-Hoc|iPhoneSimulator.ActiveCfg = Debug|Any CPU
		{079D6057-139F-4AA9-9995-918EDE52DAE8}.Ad-Hoc|iPhoneSimulator.Build.0 = Debug|Any CPU
		{079D6057-139F-4AA9-9995-918EDE52DAE8}.Ad-Hoc|x64.ActiveCfg = Release|Any CPU
		{079D6057-139F-4AA9-9995-918EDE52DAE8}.Ad-Hoc|x64.Build.0 = Release|Any CPU
		{079D6057-139F-4AA9-9995-918EDE52DAE8}.Ad-Hoc|x86.ActiveCfg = Release|Any CPU
		{079D6057-139F-4AA9-9995-918EDE52DAE8}.Ad-Hoc|x86.Build.0 = Release|Any CPU
		{079D6057-139F-4AA9-9995-918EDE52DAE8}.AppStore|Any CPU.ActiveCfg = Release|Any CPU
		{079D6057-139F-4AA9-9995-918EDE52DAE8}.AppStore|Any CPU.Build.0 = Release|Any CPU
		{079D6057-139F-4AA9-9995-918EDE52DAE8}.AppStore|ARM.ActiveCfg = Release|Any CPU
		{079D6057-139F-4AA9-9995-918EDE52DAE8}.AppStore|ARM.Build.0 = Release|Any CPU
		{079D6057-139F-4AA9-9995-918EDE52DAE8}.AppStore|iPhone.ActiveCfg = Release|Any CPU
		{079D6057-139F-4AA9-9995-918EDE52DAE8}.AppStore|iPhone.Build.0 = Release|Any CPU
		{079D6057-139F-4AA9-9995-918EDE52DAE8}.AppStore|iPhoneSimulator.ActiveCfg = Debug|Any CPU
		{079D6057-139F-4AA9-9995-918EDE52DAE8}.AppStore|iPhoneSimulator.Build.0 = Debug|Any CPU
		{079D6057-139F-4AA9-9995-918EDE52DAE8}.AppStore|x64.ActiveCfg = Release|Any CPU
		{079D6057-139F-4AA9-9995-918EDE52DAE8}.AppStore|x64.Build.0 = Release|Any CPU
		{079D6057-139F-4AA9-9995-918EDE52DAE8}.AppStore|x86.ActiveCfg = Release|Any CPU
		{079D6057-139F-4AA9-9995-918EDE52DAE8}.AppStore|x86.Build.0 = Release|Any CPU
		{079D6057-139F-4AA9-9995-918EDE52DAE8}.Debug|Any CPU.ActiveCfg = Debug|Any CPU
		{079D6057-139F-4AA9-9995-918EDE52DAE8}.Debug|Any CPU.Build.0 = Debug|Any CPU
		{079D6057-139F-4AA9-9995-918EDE52DAE8}.Debug|ARM.ActiveCfg = Debug|Any CPU
		{079D6057-139F-4AA9-9995-918EDE52DAE8}.Debug|ARM.Build.0 = Debug|Any CPU
		{079D6057-139F-4AA9-9995-918EDE52DAE8}.Debug|iPhone.ActiveCfg = Debug|Any CPU
		{079D6057-139F-4AA9-9995-918EDE52DAE8}.Debug|iPhone.Build.0 = Debug|Any CPU
		{079D6057-139F-4AA9-9995-918EDE52DAE8}.Debug|iPhoneSimulator.ActiveCfg = Debug|Any CPU
		{079D6057-139F-4AA9-9995-918EDE52DAE8}.Debug|iPhoneSimulator.Build.0 = Debug|Any CPU
		{079D6057-139F-4AA9-9995-918EDE52DAE8}.Debug|x64.ActiveCfg = Debug|Any CPU
		{079D6057-139F-4AA9-9995-918EDE52DAE8}.Debug|x64.Build.0 = Debug|Any CPU
		{079D6057-139F-4AA9-9995-918EDE52DAE8}.Debug|x86.ActiveCfg = Debug|Any CPU
		{079D6057-139F-4AA9-9995-918EDE52DAE8}.Debug|x86.Build.0 = Debug|Any CPU
		{079D6057-139F-4AA9-9995-918EDE52DAE8}.Release|Any CPU.ActiveCfg = Release|Any CPU
		{079D6057-139F-4AA9-9995-918EDE52DAE8}.Release|Any CPU.Build.0 = Release|Any CPU
		{079D6057-139F-4AA9-9995-918EDE52DAE8}.Release|ARM.ActiveCfg = Release|Any CPU
		{079D6057-139F-4AA9-9995-918EDE52DAE8}.Release|ARM.Build.0 = Release|Any CPU
		{079D6057-139F-4AA9-9995-918EDE52DAE8}.Release|iPhone.ActiveCfg = Release|Any CPU
		{079D6057-139F-4AA9-9995-918EDE52DAE8}.Release|iPhone.Build.0 = Release|Any CPU
		{079D6057-139F-4AA9-9995-918EDE52DAE8}.Release|iPhoneSimulator.ActiveCfg = Release|Any CPU
		{079D6057-139F-4AA9-9995-918EDE52DAE8}.Release|iPhoneSimulator.Build.0 = Release|Any CPU
		{079D6057-139F-4AA9-9995-918EDE52DAE8}.Release|x64.ActiveCfg = Release|Any CPU
		{079D6057-139F-4AA9-9995-918EDE52DAE8}.Release|x64.Build.0 = Release|Any CPU
		{079D6057-139F-4AA9-9995-918EDE52DAE8}.Release|x86.ActiveCfg = Release|Any CPU
		{079D6057-139F-4AA9-9995-918EDE52DAE8}.Release|x86.Build.0 = Release|Any CPU
		{079D6057-139F-4AA9-9995-918EDE52DAE8}.Windows Debug|Any CPU.ActiveCfg = Debug|Any CPU
		{079D6057-139F-4AA9-9995-918EDE52DAE8}.Windows Debug|Any CPU.Build.0 = Debug|Any CPU
		{079D6057-139F-4AA9-9995-918EDE52DAE8}.Windows Release|Any CPU.ActiveCfg = Debug|Any CPU
		{079D6057-139F-4AA9-9995-918EDE52DAE8}.Windows Release|Any CPU.Build.0 = Debug|Any CPU
		{9FF79633-29A8-4D52-8A3E-AE47BBA1A5EA}.Ad-Hoc|Any CPU.ActiveCfg = Release|Any CPU
		{9FF79633-29A8-4D52-8A3E-AE47BBA1A5EA}.Ad-Hoc|Any CPU.Build.0 = Release|Any CPU
		{9FF79633-29A8-4D52-8A3E-AE47BBA1A5EA}.Ad-Hoc|ARM.ActiveCfg = Release|Any CPU
		{9FF79633-29A8-4D52-8A3E-AE47BBA1A5EA}.Ad-Hoc|ARM.Build.0 = Release|Any CPU
		{9FF79633-29A8-4D52-8A3E-AE47BBA1A5EA}.Ad-Hoc|iPhone.ActiveCfg = Release|Any CPU
		{9FF79633-29A8-4D52-8A3E-AE47BBA1A5EA}.Ad-Hoc|iPhone.Build.0 = Release|Any CPU
		{9FF79633-29A8-4D52-8A3E-AE47BBA1A5EA}.Ad-Hoc|iPhoneSimulator.ActiveCfg = Debug|Any CPU
		{9FF79633-29A8-4D52-8A3E-AE47BBA1A5EA}.Ad-Hoc|iPhoneSimulator.Build.0 = Debug|Any CPU
		{9FF79633-29A8-4D52-8A3E-AE47BBA1A5EA}.Ad-Hoc|x64.ActiveCfg = Release|Any CPU
		{9FF79633-29A8-4D52-8A3E-AE47BBA1A5EA}.Ad-Hoc|x64.Build.0 = Release|Any CPU
		{9FF79633-29A8-4D52-8A3E-AE47BBA1A5EA}.Ad-Hoc|x86.ActiveCfg = Release|Any CPU
		{9FF79633-29A8-4D52-8A3E-AE47BBA1A5EA}.Ad-Hoc|x86.Build.0 = Release|Any CPU
		{9FF79633-29A8-4D52-8A3E-AE47BBA1A5EA}.AppStore|Any CPU.ActiveCfg = Release|Any CPU
		{9FF79633-29A8-4D52-8A3E-AE47BBA1A5EA}.AppStore|Any CPU.Build.0 = Release|Any CPU
		{9FF79633-29A8-4D52-8A3E-AE47BBA1A5EA}.AppStore|ARM.ActiveCfg = Release|Any CPU
		{9FF79633-29A8-4D52-8A3E-AE47BBA1A5EA}.AppStore|ARM.Build.0 = Release|Any CPU
		{9FF79633-29A8-4D52-8A3E-AE47BBA1A5EA}.AppStore|iPhone.ActiveCfg = Release|Any CPU
		{9FF79633-29A8-4D52-8A3E-AE47BBA1A5EA}.AppStore|iPhone.Build.0 = Release|Any CPU
		{9FF79633-29A8-4D52-8A3E-AE47BBA1A5EA}.AppStore|iPhoneSimulator.ActiveCfg = Debug|Any CPU
		{9FF79633-29A8-4D52-8A3E-AE47BBA1A5EA}.AppStore|iPhoneSimulator.Build.0 = Debug|Any CPU
		{9FF79633-29A8-4D52-8A3E-AE47BBA1A5EA}.AppStore|x64.ActiveCfg = Release|Any CPU
		{9FF79633-29A8-4D52-8A3E-AE47BBA1A5EA}.AppStore|x64.Build.0 = Release|Any CPU
		{9FF79633-29A8-4D52-8A3E-AE47BBA1A5EA}.AppStore|x86.ActiveCfg = Release|Any CPU
		{9FF79633-29A8-4D52-8A3E-AE47BBA1A5EA}.AppStore|x86.Build.0 = Release|Any CPU
		{9FF79633-29A8-4D52-8A3E-AE47BBA1A5EA}.Debug|Any CPU.ActiveCfg = Debug|Any CPU
		{9FF79633-29A8-4D52-8A3E-AE47BBA1A5EA}.Debug|Any CPU.Build.0 = Debug|Any CPU
		{9FF79633-29A8-4D52-8A3E-AE47BBA1A5EA}.Debug|ARM.ActiveCfg = Debug|Any CPU
		{9FF79633-29A8-4D52-8A3E-AE47BBA1A5EA}.Debug|ARM.Build.0 = Debug|Any CPU
		{9FF79633-29A8-4D52-8A3E-AE47BBA1A5EA}.Debug|iPhone.ActiveCfg = Debug|Any CPU
		{9FF79633-29A8-4D52-8A3E-AE47BBA1A5EA}.Debug|iPhone.Build.0 = Debug|Any CPU
		{9FF79633-29A8-4D52-8A3E-AE47BBA1A5EA}.Debug|iPhoneSimulator.ActiveCfg = Debug|Any CPU
		{9FF79633-29A8-4D52-8A3E-AE47BBA1A5EA}.Debug|iPhoneSimulator.Build.0 = Debug|Any CPU
		{9FF79633-29A8-4D52-8A3E-AE47BBA1A5EA}.Debug|x64.ActiveCfg = Debug|Any CPU
		{9FF79633-29A8-4D52-8A3E-AE47BBA1A5EA}.Debug|x64.Build.0 = Debug|Any CPU
		{9FF79633-29A8-4D52-8A3E-AE47BBA1A5EA}.Debug|x86.ActiveCfg = Debug|Any CPU
		{9FF79633-29A8-4D52-8A3E-AE47BBA1A5EA}.Debug|x86.Build.0 = Debug|Any CPU
		{9FF79633-29A8-4D52-8A3E-AE47BBA1A5EA}.Release|Any CPU.ActiveCfg = Release|Any CPU
		{9FF79633-29A8-4D52-8A3E-AE47BBA1A5EA}.Release|Any CPU.Build.0 = Release|Any CPU
		{9FF79633-29A8-4D52-8A3E-AE47BBA1A5EA}.Release|ARM.ActiveCfg = Release|Any CPU
		{9FF79633-29A8-4D52-8A3E-AE47BBA1A5EA}.Release|ARM.Build.0 = Release|Any CPU
		{9FF79633-29A8-4D52-8A3E-AE47BBA1A5EA}.Release|iPhone.ActiveCfg = Release|Any CPU
		{9FF79633-29A8-4D52-8A3E-AE47BBA1A5EA}.Release|iPhone.Build.0 = Release|Any CPU
		{9FF79633-29A8-4D52-8A3E-AE47BBA1A5EA}.Release|iPhoneSimulator.ActiveCfg = Release|Any CPU
		{9FF79633-29A8-4D52-8A3E-AE47BBA1A5EA}.Release|iPhoneSimulator.Build.0 = Release|Any CPU
		{9FF79633-29A8-4D52-8A3E-AE47BBA1A5EA}.Release|x64.ActiveCfg = Release|Any CPU
		{9FF79633-29A8-4D52-8A3E-AE47BBA1A5EA}.Release|x64.Build.0 = Release|Any CPU
		{9FF79633-29A8-4D52-8A3E-AE47BBA1A5EA}.Release|x86.ActiveCfg = Release|Any CPU
		{9FF79633-29A8-4D52-8A3E-AE47BBA1A5EA}.Release|x86.Build.0 = Release|Any CPU
		{9FF79633-29A8-4D52-8A3E-AE47BBA1A5EA}.Windows Debug|Any CPU.ActiveCfg = Windows Debug|Any CPU
		{9FF79633-29A8-4D52-8A3E-AE47BBA1A5EA}.Windows Release|Any CPU.ActiveCfg = Windows Release|Any CPU
		{2B86AF5F-EE29-4CCB-85AA-972AC6F2CFA5}.Ad-Hoc|Any CPU.ActiveCfg = Release|Any CPU
		{2B86AF5F-EE29-4CCB-85AA-972AC6F2CFA5}.Ad-Hoc|Any CPU.Build.0 = Release|Any CPU
		{2B86AF5F-EE29-4CCB-85AA-972AC6F2CFA5}.Ad-Hoc|ARM.ActiveCfg = Release|Any CPU
		{2B86AF5F-EE29-4CCB-85AA-972AC6F2CFA5}.Ad-Hoc|ARM.Build.0 = Release|Any CPU
		{2B86AF5F-EE29-4CCB-85AA-972AC6F2CFA5}.Ad-Hoc|iPhone.ActiveCfg = Release|Any CPU
		{2B86AF5F-EE29-4CCB-85AA-972AC6F2CFA5}.Ad-Hoc|iPhone.Build.0 = Release|Any CPU
		{2B86AF5F-EE29-4CCB-85AA-972AC6F2CFA5}.Ad-Hoc|iPhoneSimulator.ActiveCfg = Debug|Any CPU
		{2B86AF5F-EE29-4CCB-85AA-972AC6F2CFA5}.Ad-Hoc|iPhoneSimulator.Build.0 = Debug|Any CPU
		{2B86AF5F-EE29-4CCB-85AA-972AC6F2CFA5}.Ad-Hoc|x64.ActiveCfg = Release|Any CPU
		{2B86AF5F-EE29-4CCB-85AA-972AC6F2CFA5}.Ad-Hoc|x64.Build.0 = Release|Any CPU
		{2B86AF5F-EE29-4CCB-85AA-972AC6F2CFA5}.Ad-Hoc|x86.ActiveCfg = Release|Any CPU
		{2B86AF5F-EE29-4CCB-85AA-972AC6F2CFA5}.Ad-Hoc|x86.Build.0 = Release|Any CPU
		{2B86AF5F-EE29-4CCB-85AA-972AC6F2CFA5}.AppStore|Any CPU.ActiveCfg = Release|Any CPU
		{2B86AF5F-EE29-4CCB-85AA-972AC6F2CFA5}.AppStore|Any CPU.Build.0 = Release|Any CPU
		{2B86AF5F-EE29-4CCB-85AA-972AC6F2CFA5}.AppStore|ARM.ActiveCfg = Release|Any CPU
		{2B86AF5F-EE29-4CCB-85AA-972AC6F2CFA5}.AppStore|ARM.Build.0 = Release|Any CPU
		{2B86AF5F-EE29-4CCB-85AA-972AC6F2CFA5}.AppStore|iPhone.ActiveCfg = Release|Any CPU
		{2B86AF5F-EE29-4CCB-85AA-972AC6F2CFA5}.AppStore|iPhone.Build.0 = Release|Any CPU
		{2B86AF5F-EE29-4CCB-85AA-972AC6F2CFA5}.AppStore|iPhoneSimulator.ActiveCfg = Debug|Any CPU
		{2B86AF5F-EE29-4CCB-85AA-972AC6F2CFA5}.AppStore|iPhoneSimulator.Build.0 = Debug|Any CPU
		{2B86AF5F-EE29-4CCB-85AA-972AC6F2CFA5}.AppStore|x64.ActiveCfg = Release|Any CPU
		{2B86AF5F-EE29-4CCB-85AA-972AC6F2CFA5}.AppStore|x64.Build.0 = Release|Any CPU
		{2B86AF5F-EE29-4CCB-85AA-972AC6F2CFA5}.AppStore|x86.ActiveCfg = Release|Any CPU
		{2B86AF5F-EE29-4CCB-85AA-972AC6F2CFA5}.AppStore|x86.Build.0 = Release|Any CPU
		{2B86AF5F-EE29-4CCB-85AA-972AC6F2CFA5}.Debug|Any CPU.ActiveCfg = Debug|Any CPU
		{2B86AF5F-EE29-4CCB-85AA-972AC6F2CFA5}.Debug|Any CPU.Build.0 = Debug|Any CPU
		{2B86AF5F-EE29-4CCB-85AA-972AC6F2CFA5}.Debug|ARM.ActiveCfg = Debug|Any CPU
		{2B86AF5F-EE29-4CCB-85AA-972AC6F2CFA5}.Debug|ARM.Build.0 = Debug|Any CPU
		{2B86AF5F-EE29-4CCB-85AA-972AC6F2CFA5}.Debug|iPhone.ActiveCfg = Debug|Any CPU
		{2B86AF5F-EE29-4CCB-85AA-972AC6F2CFA5}.Debug|iPhone.Build.0 = Debug|Any CPU
		{2B86AF5F-EE29-4CCB-85AA-972AC6F2CFA5}.Debug|iPhoneSimulator.ActiveCfg = Debug|Any CPU
		{2B86AF5F-EE29-4CCB-85AA-972AC6F2CFA5}.Debug|iPhoneSimulator.Build.0 = Debug|Any CPU
		{2B86AF5F-EE29-4CCB-85AA-972AC6F2CFA5}.Debug|x64.ActiveCfg = Debug|Any CPU
		{2B86AF5F-EE29-4CCB-85AA-972AC6F2CFA5}.Debug|x64.Build.0 = Debug|Any CPU
		{2B86AF5F-EE29-4CCB-85AA-972AC6F2CFA5}.Debug|x86.ActiveCfg = Debug|Any CPU
		{2B86AF5F-EE29-4CCB-85AA-972AC6F2CFA5}.Debug|x86.Build.0 = Debug|Any CPU
		{2B86AF5F-EE29-4CCB-85AA-972AC6F2CFA5}.Release|Any CPU.ActiveCfg = Release|Any CPU
		{2B86AF5F-EE29-4CCB-85AA-972AC6F2CFA5}.Release|Any CPU.Build.0 = Release|Any CPU
		{2B86AF5F-EE29-4CCB-85AA-972AC6F2CFA5}.Release|ARM.ActiveCfg = Release|Any CPU
		{2B86AF5F-EE29-4CCB-85AA-972AC6F2CFA5}.Release|ARM.Build.0 = Release|Any CPU
		{2B86AF5F-EE29-4CCB-85AA-972AC6F2CFA5}.Release|iPhone.ActiveCfg = Release|Any CPU
		{2B86AF5F-EE29-4CCB-85AA-972AC6F2CFA5}.Release|iPhone.Build.0 = Release|Any CPU
		{2B86AF5F-EE29-4CCB-85AA-972AC6F2CFA5}.Release|iPhoneSimulator.ActiveCfg = Release|Any CPU
		{2B86AF5F-EE29-4CCB-85AA-972AC6F2CFA5}.Release|iPhoneSimulator.Build.0 = Release|Any CPU
		{2B86AF5F-EE29-4CCB-85AA-972AC6F2CFA5}.Release|x64.ActiveCfg = Release|Any CPU
		{2B86AF5F-EE29-4CCB-85AA-972AC6F2CFA5}.Release|x64.Build.0 = Release|Any CPU
		{2B86AF5F-EE29-4CCB-85AA-972AC6F2CFA5}.Release|x86.ActiveCfg = Release|Any CPU
		{2B86AF5F-EE29-4CCB-85AA-972AC6F2CFA5}.Release|x86.Build.0 = Release|Any CPU
		{2B86AF5F-EE29-4CCB-85AA-972AC6F2CFA5}.Windows Debug|Any CPU.ActiveCfg = Windows Debug|Any CPU
		{2B86AF5F-EE29-4CCB-85AA-972AC6F2CFA5}.Windows Release|Any CPU.ActiveCfg = Windows Release|Any CPU
	EndGlobalSection
	GlobalSection(SolutionProperties) = preSolution
		HideSolutionNode = FALSE
	EndGlobalSection
	GlobalSection(NestedProjects) = preSolution
		{88A375C3-8567-47B7-A040-CF48B7049986} = {0BC2D6F3-C782-41F4-A2F3-DBDF5D5EDD01}
		{74043E51-EF7B-4CE1-AF3F-7612ED1D05B6} = {0BC2D6F3-C782-41F4-A2F3-DBDF5D5EDD01}
		{079D6057-139F-4AA9-9995-918EDE52DAE8} = {0BC2D6F3-C782-41F4-A2F3-DBDF5D5EDD01}
		{9FF79633-29A8-4D52-8A3E-AE47BBA1A5EA} = {0BC2D6F3-C782-41F4-A2F3-DBDF5D5EDD01}
		{2B86AF5F-EE29-4CCB-85AA-972AC6F2CFA5} = {0BC2D6F3-C782-41F4-A2F3-DBDF5D5EDD01}
	EndGlobalSection
	GlobalSection(MonoDevelopProperties) = preSolution
		Policies = $0
		$0.DotNetNamingPolicy = $1
		$0.TextStylePolicy = $2
		$2.inheritsSet = null
		$2.inheritsScope = text/plain
		$2.scope = application/config+xml
		$2.FileWidth = 120
		$2.TabsToSpaces = False
		$0.CSharpFormattingPolicy = $3
		$3.scope = text/x-csharp
		$0.XmlFormattingPolicy = $4
		$4.inheritsSet = null
		$4.scope = application/config+xml
	EndGlobalSection
EndGlobal
